
Microsoft Visual Studio Solution File, Format Version 11.00
# Visual C++ Express 2010
Project("{8BC9CEB8-8B4A-11D0-8D11-00A0C91BC942}") = "EDA_Guia4", "EDA_Guia4\EDA_Guia4.vcxproj", "{CA14423A-1AA7-472F-A4B4-99216C697440}"
EndProject
Global
	GlobalSection(SolutionConfigurationPlatforms) = preSolution
		Debug|Win32 = Debug|Win32
		Release|Win32 = Release|Win32
	EndGlobalSection
	GlobalSection(ProjectConfigurationPlatforms) = postSolution
		{CA14423A-1AA7-472F-A4B4-99216C697440}.Debug|Win32.ActiveCfg = Debug|Win32
		{CA14423A-1AA7-472F-A4B4-99216C697440}.Debug|Win32.Build.0 = Debug|Win32
		{CA14423A-1AA7-472F-A4B4-99216C697440}.Release|Win32.ActiveCfg = Release|Win32
		{CA14423A-1AA7-472F-A4B4-99216C697440}.Release|Win32.Build.0 = Release|Win32
	EndGlobalSection
	GlobalSection(SolutionProperties) = preSolution
		HideSolutionNode = FALSE
	EndGlobalSection
EndGlobal
